
Microsoft Visual Studio Solution File, Format Version 12.00
# Visual Studio Version 17
VisualStudioVersion = 17.1.32228.430
MinimumVisualStudioVersion = 10.0.40219.1
Project("{FAE04EC0-301F-11D3-BF4B-00C04F79EFBC}") = "PruebaServidor", "PruebaServidor\PruebaServidor.csproj", "{3117C4F4-E1CE-4758-B8FB-A99F45F26061}"
EndProject
Global
	GlobalSection(SolutionConfigurationPlatforms) = preSolution
		Debug|Any CPU = Debug|Any CPU
		Release|Any CPU = Release|Any CPU
	EndGlobalSection
	GlobalSection(ProjectConfigurationPlatforms) = postSolution
		{3117C4F4-E1CE-4758-B8FB-A99F45F26061}.Debug|Any CPU.ActiveCfg = Debug|Any CPU
		{3117C4F4-E1CE-4758-B8FB-A99F45F26061}.Debug|Any CPU.Build.0 = Debug|Any CPU
		{3117C4F4-E1CE-4758-B8FB-A99F45F26061}.Release|Any CPU.ActiveCfg = Release|Any CPU
		{3117C4F4-E1CE-4758-B8FB-A99F45F26061}.Release|Any CPU.Build.0 = Release|Any CPU
	EndGlobalSection
	GlobalSection(SolutionProperties) = preSolution
		HideSolutionNode = FALSE
	EndGlobalSection
	GlobalSection(ExtensibilityGlobals) = postSolution
		SolutionGuid = {108332A0-432C-4383-B38C-45477514126D}
	EndGlobalSection
EndGlobal
